
Microsoft Visual Studio Solution File, Format Version 12.00
# Visual Studio Version 17
VisualStudioVersion = 17.10.35013.160
MinimumVisualStudioVersion = 10.0.40219.1
Project("{9A19103F-16F7-4668-BE54-9A1E7A4F7556}") = "Wallaboo", "Wallaboo.csproj", "{D19AAE3D-1605-49E8-AB93-DEBA9EA14235}"
EndProject
Project("{2150E333-8FDC-42A3-9474-1A3956D46DE8}") = "Elementos de la solución", "Elementos de la solución", "{66FC5AF7-9432-4779-B107-3BB1C5A789F0}"
	ProjectSection(SolutionItems) = preProject
		tareas.txt = tareas.txt
	EndProjectSection
EndProject
Project("{9A19103F-16F7-4668-BE54-9A1E7A4F7556}") = "WallabooVisor", "..\WallabooVisor\WallabooVisor\WallabooVisor.csproj", "{53584DFD-CAB1-473D-858B-F8919AA84D3E}"
EndProject
Global
	GlobalSection(SolutionConfigurationPlatforms) = preSolution
		Debug|Any CPU = Debug|Any CPU
		Release|Any CPU = Release|Any CPU
	EndGlobalSection
	GlobalSection(ProjectConfigurationPlatforms) = postSolution
		{D19AAE3D-1605-49E8-AB93-DEBA9EA14235}.Debug|Any CPU.ActiveCfg = Debug|Any CPU
		{D19AAE3D-1605-49E8-AB93-DEBA9EA14235}.Debug|Any CPU.Build.0 = Debug|Any CPU
		{D19AAE3D-1605-49E8-AB93-DEBA9EA14235}.Release|Any CPU.ActiveCfg = Release|Any CPU
		{D19AAE3D-1605-49E8-AB93-DEBA9EA14235}.Release|Any CPU.Build.0 = Release|Any CPU
		{53584DFD-CAB1-473D-858B-F8919AA84D3E}.Debug|Any CPU.ActiveCfg = Debug|Any CPU
		{53584DFD-CAB1-473D-858B-F8919AA84D3E}.Debug|Any CPU.Build.0 = Debug|Any CPU
		{53584DFD-CAB1-473D-858B-F8919AA84D3E}.Release|Any CPU.ActiveCfg = Release|Any CPU
		{53584DFD-CAB1-473D-858B-F8919AA84D3E}.Release|Any CPU.Build.0 = Release|Any CPU
	EndGlobalSection
	GlobalSection(SolutionProperties) = preSolution
		HideSolutionNode = FALSE
	EndGlobalSection
	GlobalSection(ExtensibilityGlobals) = postSolution
		SolutionGuid = {0315BC97-3733-497C-8CD9-00A7A2B5B09F}
	EndGlobalSection
EndGlobal
